
Microsoft Visual Studio Solution File, Format Version 12.00
# Visual Studio Version 16
VisualStudioVersion = 16.0.31025.218
MinimumVisualStudioVersion = 10.0.40219.1
Project("{FAE04EC0-301F-11D3-BF4B-00C04F79EFBC}") = "ApiKPITop500", "ApiKPITop500.csproj", "{5D1BBBCC-6DD7-452A-A982-D5FB863856FE}"
EndProject
Global
	GlobalSection(SolutionConfigurationPlatforms) = preSolution
		Debug|Any CPU = Debug|Any CPU
		Release|Any CPU = Release|Any CPU
	EndGlobalSection
	GlobalSection(ProjectConfigurationPlatforms) = postSolution
		{5D1BBBCC-6DD7-452A-A982-D5FB863856FE}.Debug|Any CPU.ActiveCfg = Debug|Any CPU
		{5D1BBBCC-6DD7-452A-A982-D5FB863856FE}.Debug|Any CPU.Build.0 = Debug|Any CPU
		{5D1BBBCC-6DD7-452A-A982-D5FB863856FE}.Release|Any CPU.ActiveCfg = Release|Any CPU
		{5D1BBBCC-6DD7-452A-A982-D5FB863856FE}.Release|Any CPU.Build.0 = Release|Any CPU
	EndGlobalSection
	GlobalSection(SolutionProperties) = preSolution
		HideSolutionNode = FALSE
	EndGlobalSection
	GlobalSection(ExtensibilityGlobals) = postSolution
		SolutionGuid = {F1D7958E-9BCC-4E75-91B1-07D768359406}
	EndGlobalSection
EndGlobal
